{
  "name": "chat_app_v2",
  "lockfileVersion": 3,
  "requires": true,
  "packages": {
    "": {
      "dependencies": {
        "php_exec": "^1.0.2"
      }
    },
    "node_modules/php_exec": {
      "version": "1.0.2",
      "resolved": "https://registry.npmjs.org/php_exec/-/php_exec-1.0.2.tgz",
      "integrity": "sha512-jQ7KGL3m+t3sYASMwOGRyWTVnb3rI2Xg0+cTdyEa27ugHH3UpGvi3wPoecJQdpHnYVwe8AW3FZykEfOWszDsFA==",
      "dependencies": {
        "php_exec": "^1.0.0"
      }
    }
  }
}
